
Microsoft Visual Studio Solution File, Format Version 12.00
# Visual Studio Version 16
VisualStudioVersion = 16.0.31424.327
MinimumVisualStudioVersion = 10.0.40219.1
Project("{FAE04EC0-301F-11D3-BF4B-00C04F79EFBC}") = "OpenCirnix.Lite", "OpenCirnix.Lite\OpenCirnix.Lite.csproj", "{A2CBF7F8-BA8E-4434-AD11-2CA4B515AF89}"
EndProject
Project("{FAE04EC0-301F-11D3-BF4B-00C04F79EFBC}") = "GTAutoUpdate", "GTAutoUpdate\GTAutoUpdate.csproj", "{A9D137DE-AA05-4155-9E7D-7006D877C089}"
EndProject
Global
	GlobalSection(SolutionConfigurationPlatforms) = preSolution
		Debug|Any CPU = Debug|Any CPU
		Release|Any CPU = Release|Any CPU
	EndGlobalSection
	GlobalSection(ProjectConfigurationPlatforms) = postSolution
		{A2CBF7F8-BA8E-4434-AD11-2CA4B515AF89}.Debug|Any CPU.ActiveCfg = Debug|Any CPU
		{A2CBF7F8-BA8E-4434-AD11-2CA4B515AF89}.Debug|Any CPU.Build.0 = Debug|Any CPU
		{A2CBF7F8-BA8E-4434-AD11-2CA4B515AF89}.Release|Any CPU.ActiveCfg = Release|Any CPU
		{A2CBF7F8-BA8E-4434-AD11-2CA4B515AF89}.Release|Any CPU.Build.0 = Release|Any CPU
		{A9D137DE-AA05-4155-9E7D-7006D877C089}.Debug|Any CPU.ActiveCfg = Debug|Any CPU
		{A9D137DE-AA05-4155-9E7D-7006D877C089}.Debug|Any CPU.Build.0 = Debug|Any CPU
		{A9D137DE-AA05-4155-9E7D-7006D877C089}.Release|Any CPU.ActiveCfg = Release|Any CPU
		{A9D137DE-AA05-4155-9E7D-7006D877C089}.Release|Any CPU.Build.0 = Release|Any CPU
	EndGlobalSection
	GlobalSection(SolutionProperties) = preSolution
		HideSolutionNode = FALSE
	EndGlobalSection
	GlobalSection(ExtensibilityGlobals) = postSolution
		SolutionGuid = {D5EA60DB-8D5B-45AD-BE2F-5A3B249C31AF}
	EndGlobalSection
EndGlobal
